github.com/bdlm/errors v0.1.1 h1:einSy1EeOzaLMkU0cCbwhDR9956v0LJRJGrJJ28FE0c=
github.com/bdlm/errors v0.1.1/go.mod h1:7PrUDST8TVK9L1qrFY3jKKaVH+u7VQIYWhB4zOEmwrQ=
github.com/bdlm/log v0.1.10 h1:pxHP8og85ZVdZaypr3yYCu7mmSU3ILiFeb0Ul+nAYC8=
github.com/bdlm/log v0.1.10/go.mod h1:30V5Zwc5Vt5ePq5rd9KJ6JQ/A5aFUcKzq5fYtO7c9qc=
github.com/bdlm/std v0.0.0-20180816030437-ba3aa8890134 h1:WXhJPKuuMH7wcrN3QZWyjXZb6q/5AzaG9huZaeft5Xs=
github.com/bdlm/std v0.0.0-20180816030437-ba3aa8890134/go.mod h1:E4vIYZDcEPVbE/Dbxc7GpA3YJpXnsF5csRt8LptMGWI=
github.com/davecgh/go-spew v1.1.1 h1:vj9j/u1bqnvCEfJOwUhtlOARqs3+rkHYY13jYWTU97c=
github.com/davecgh/go-spew v1.1.1/go.mod h1:J7Y8YcW2NihsgmVo/mv3lAwl/skON4iLHjSsI+c5H38=
github.com/gorilla/websocket v1.2.0 h1:VJtLvh6VQym50czpZzx07z/kw9EgAxI3x1ZB8taTMQQ=
github.com/gorilla/websocket v1.2.0/go.mod h1:E7qHFY5m1UJ88s3WnNqhKjPHQ0heANvMoAMk2YaljkQ=
github.com/pmezard/go-difflib v1.0.0 h1:4DBwDE0NGyQoBHbLQYPwSUPoCMWR5BEzIk/f1lZbAQM=
github.com/pmezard/go-difflib v1.0.0/go.mod h1:iKH77koFhYxTK1pcRnkKkqfTogsbg7gZNVY4sRDYZ/4=
github.com/stretchr/testify v1.2.2 h1:bSDNvY7ZPG5RlJ8otE/7V6gMiyenm9RtJ7IUVIAoJ1w=
github.com/stretchr/testify v1.2.2/go.mod h1:a8OnRcib4nhh0OaRAV+Yts87kKdq0PP7pXfy6kDkUVs=
golang.org/x/crypto v0.0.0-20180718160520-a2144134853f h1:lRy+hhwk7YT7MsKejxuz0C5Q1gk6p/QoPQYEmKmGFb8=
golang.org/x/crypto v0.0.0-20180718160520-a2144134853f/go.mod h1:6SG95UA2DQfeDnfUPMdvaQW0Q7yPrPDi9nlGo2tz2b4=
golang.org/x/sys v0.0.0-20180715085529-ac767d655b30 h1:4bYUqrXBoiI7UFQeibUwFhvcHfaEeL75O3lOcZa964o=
golang.org/x/sys v0.0.0-20180715085529-ac767d655b30/go.mod h1:STP8DvDyc/dI5b8T5hshtkjS+E42TnysNCUPdjciGhY=
