# This file is autogenerated, do not edit; changes may be undone by the next 'dep ensure'.


[[projects]]
  digest = "1:26a8cd2b5c205710c74dca6c6fa5e8944985d7dfb8435ab2d299d9d57c7ff176"
  name = "github.com/bdlm/errors"
  packages = ["."]
  pruneopts = ""
  revision = "1e47c06d58b39d53be1b8f4e9bc353422a14aaa0"
  version = "v0.1.2"

[[projects]]
  digest = "1:aa0ea6789f494e72359ee8da88e82c96a084960cc7ca2f594d04192e34c6e78c"
  name = "github.com/bdlm/log"
  packages = ["."]
  pruneopts = ""
  revision = "a880e500b91a3325f66bd576f8129074e7d613bf"
  version = "v0.1.13"

[[projects]]
  branch = "master"
  digest = "1:229dccc6286f2dd642f3c217c56fa340bb8dbe0c7ca05512ad49102dfbab1840"
  name = "github.com/bdlm/std"
  packages = [
    "error",
    "logger",
  ]
  pruneopts = ""
  revision = "ba3aa8890134f4246631d714d79a75f53fca0c53"

[[projects]]
  digest = "1:64d212c703a2b94054be0ce470303286b177ad260b2f89a307e3d1bb6c073ef6"
  name = "github.com/gorilla/websocket"
  packages = ["."]
  pruneopts = ""
  revision = "ea4d1f681babbce9545c9c5f3d5194a789c89f5b"
  version = "v1.2.0"

[[projects]]
  branch = "master"
  digest = "1:0773b5c3be42874166670a20aa177872edb450cd9fc70b1df97303d977702a50"
  name = "golang.org/x/crypto"
  packages = ["ssh/terminal"]
  pruneopts = ""
  revision = "a2144134853fc9a27a7b1e3eb4f19f1a76df13c9"

[[projects]]
  branch = "master"
  digest = "1:677e38cad6833ad266ec843739d167755eda1e6f2d8af1c63102b0426ad820db"
  name = "golang.org/x/sys"
  packages = [
    "unix",
    "windows",
  ]
  pruneopts = ""
  revision = "ac767d655b305d4e9612f5f6e33120b9176c4ad4"

[solve-meta]
  analyzer-name = "dep"
  analyzer-version = 1
  input-imports = [
    "github.com/bdlm/errors",
    "github.com/bdlm/log",
    "github.com/gorilla/websocket",
  ]
  solver-name = "gps-cdcl"
  solver-version = 1
