# This file is autogenerated, do not edit; changes may be undone by the next 'dep ensure'.


[[projects]]
  digest = "1:338af15e3215ecaefbb2072cb06258f8db9d6da1e81379803d8a6c18042715ae"
  name = "github.com/bdlm/errors"
  packages = ["."]
  pruneopts = ""
  revision = "d165b6114cc2ae2d83282a45792c73fc08d338c8"
  version = "v0.1.1"

[[projects]]
  digest = "1:dad84a5b80c9cc6b9ee62236482b3e800eef019794f55a311f362977ca7580f6"
  name = "github.com/bdlm/log"
  packages = ["."]
  pruneopts = ""
  revision = "09ffec84c7dadbb7dbe314e5bc27ac7a86ce5245"
  version = "v0.1.10"

[[projects]]
  branch = "master"
  digest = "1:229dccc6286f2dd642f3c217c56fa340bb8dbe0c7ca05512ad49102dfbab1840"
  name = "github.com/bdlm/std"
  packages = [
    "error",
    "logger",
  ]
  pruneopts = ""
  revision = "ba3aa8890134f4246631d714d79a75f53fca0c53"

[[projects]]
  digest = "1:64d212c703a2b94054be0ce470303286b177ad260b2f89a307e3d1bb6c073ef6"
  name = "github.com/gorilla/websocket"
  packages = ["."]
  pruneopts = ""
  revision = "ea4d1f681babbce9545c9c5f3d5194a789c89f5b"
  version = "v1.2.0"

[[projects]]
  branch = "master"
  digest = "1:0773b5c3be42874166670a20aa177872edb450cd9fc70b1df97303d977702a50"
  name = "golang.org/x/crypto"
  packages = ["ssh/terminal"]
  pruneopts = ""
  revision = "a2144134853fc9a27a7b1e3eb4f19f1a76df13c9"

[[projects]]
  branch = "master"
  digest = "1:677e38cad6833ad266ec843739d167755eda1e6f2d8af1c63102b0426ad820db"
  name = "golang.org/x/sys"
  packages = [
    "unix",
    "windows",
  ]
  pruneopts = ""
  revision = "ac767d655b305d4e9612f5f6e33120b9176c4ad4"

[solve-meta]
  analyzer-name = "dep"
  analyzer-version = 1
  input-imports = [
    "github.com/bdlm/errors",
    "github.com/bdlm/log",
    "github.com/gorilla/websocket",
  ]
  solver-name = "gps-cdcl"
  solver-version = 1
