# This file is autogenerated, do not edit; changes may be undone by the next 'dep ensure'.


[[projects]]
  name = "github.com/bdlm/errors"
  packages = ["."]
  revision = "4261cfedec68315454b163ae305cd34ecfc8b059"
  version = "v0.1.0"

[[projects]]
  branch = "master"
  name = "github.com/bdlm/log"
  packages = ["."]
  revision = "90ec24a3509720dead884f306e9d5326e583e6e9"

[[projects]]
  branch = "master"
  name = "github.com/bdlm/logfmt"
  packages = ["."]
  revision = "b8790cf3723faec5b498918aa9506e1328ed1bf3"

[[projects]]
  name = "github.com/gorilla/websocket"
  packages = ["."]
  revision = "ea4d1f681babbce9545c9c5f3d5194a789c89f5b"
  version = "v1.2.0"

[[projects]]
  name = "github.com/sanity-io/litter"
  packages = ["."]
  revision = "ae543b7ba8fd6af63e4976198f146e1348ae53c1"
  version = "v1.1.0"

[[projects]]
  branch = "master"
  name = "golang.org/x/crypto"
  packages = ["ssh/terminal"]
  revision = "a2144134853fc9a27a7b1e3eb4f19f1a76df13c9"

[[projects]]
  branch = "master"
  name = "golang.org/x/sys"
  packages = [
    "unix",
    "windows"
  ]
  revision = "ac767d655b305d4e9612f5f6e33120b9176c4ad4"

[solve-meta]
  analyzer-name = "dep"
  analyzer-version = 1
  inputs-digest = "60bc1ceadf6267b2482f9029565c48b430d689e263ab77ff3491f3a082f31ac5"
  solver-name = "gps-cdcl"
  solver-version = 1
