# This file is autogenerated, do not edit; changes may be undone by the next 'dep ensure'.


[[projects]]
  name = "github.com/bdlm/errors"
  packages = ["."]
  revision = "d165b6114cc2ae2d83282a45792c73fc08d338c8"
  version = "v0.1.1"

[[projects]]
  name = "github.com/bdlm/log"
  packages = ["."]
  revision = "a880e500b91a3325f66bd576f8129074e7d613bf"
  version = "v0.1.13"

[[projects]]
  branch = "master"
  name = "github.com/bdlm/std"
  packages = [
    "error",
    "logger"
  ]
  revision = "9f706d297d7e6b959c9c8421188aaa37f8149f01"

[[projects]]
  name = "github.com/davecgh/go-spew"
  packages = ["spew"]
  revision = "8991bc29aa16c548c550c7ff78260e27b9ab7c73"
  version = "v1.1.1"

[[projects]]
  name = "github.com/gorilla/websocket"
  packages = ["."]
  revision = "3ff3320c2a1756a3691521efc290b4701575147c"
  version = "v1.3.0"

[[projects]]
  branch = "master"
  name = "github.com/mkenney/go-chrome"
  packages = [
    "tot",
    "tot/accessibility",
    "tot/animation",
    "tot/application/cache",
    "tot/audits",
    "tot/browser",
    "tot/cache/storage",
    "tot/console",
    "tot/css",
    "tot/database",
    "tot/debugger",
    "tot/device/orientation",
    "tot/dom",
    "tot/dom/debugger",
    "tot/dom/snapshot",
    "tot/dom/storage",
    "tot/emulation",
    "tot/headless/experimental",
    "tot/heap/profiler",
    "tot/indexed/db",
    "tot/input",
    "tot/io",
    "tot/layer/tree",
    "tot/log",
    "tot/memory",
    "tot/network",
    "tot/overlay",
    "tot/page",
    "tot/performance",
    "tot/profiler",
    "tot/runtime",
    "tot/schema",
    "tot/security",
    "tot/service/worker",
    "tot/socket",
    "tot/storage",
    "tot/system/info",
    "tot/target",
    "tot/tethering",
    "tot/tracing"
  ]
  revision = "32dfd32adebd432dcad593ca36d63943115a8b98"

[[projects]]
  name = "github.com/pmezard/go-difflib"
  packages = ["difflib"]
  revision = "792786c7400a136282c1664665ae0a8db921c6c2"
  version = "v1.0.0"

[[projects]]
  name = "github.com/stretchr/testify"
  packages = ["assert"]
  revision = "f35b8ab0b5a2cef36673838d662e249dd9c94686"
  version = "v1.2.2"

[[projects]]
  branch = "master"
  name = "golang.org/x/crypto"
  packages = [
    "acme",
    "acme/autocert",
    "acme/autocert/internal/acmetest",
    "blake2b",
    "curve25519",
    "ed25519",
    "ed25519/internal/edwards25519",
    "internal/chacha20",
    "internal/subtle",
    "nacl/auth",
    "pkcs12/internal/rc2",
    "poly1305",
    "ssh",
    "ssh/terminal"
  ]
  revision = "614d502a4dac94afa3a6ce146bd1736da82514c6"

[[projects]]
  branch = "master"
  name = "golang.org/x/sys"
  packages = [
    "cpu",
    "unix",
    "windows",
    "windows/registry",
    "windows/svc",
    "windows/svc/debug",
    "windows/svc/eventlog",
    "windows/svc/mgr"
  ]
  revision = "d99a578cf41bfccdeaf48b0845c823a4b8b0ad5e"

[solve-meta]
  analyzer-name = "dep"
  analyzer-version = 1
  inputs-digest = "655c347180eddc95be288e5f71930586d5050b7abb59f422ed91f338a1fccdec"
  solver-name = "gps-cdcl"
  solver-version = 1
