# This file is autogenerated, do not edit; changes may be undone by the next 'dep ensure'.


[[projects]]
  name = "github.com/gorilla/websocket"
  packages = ["."]
  revision = "ea4d1f681babbce9545c9c5f3d5194a789c89f5b"
  version = "v1.2.0"

[[projects]]
  branch = "master"
  name = "github.com/mkenney/go-chrome"
  packages = [
    "tot",
    "tot/cdtp/accessibility",
    "tot/cdtp/animation",
    "tot/cdtp/application/cache",
    "tot/cdtp/audits",
    "tot/cdtp/browser",
    "tot/cdtp/cache/storage",
    "tot/cdtp/console",
    "tot/cdtp/css",
    "tot/cdtp/database",
    "tot/cdtp/debugger",
    "tot/cdtp/device/orientation",
    "tot/cdtp/dom",
    "tot/cdtp/dom/debugger",
    "tot/cdtp/dom/snapshot",
    "tot/cdtp/dom/storage",
    "tot/cdtp/emulation",
    "tot/cdtp/headless/experimental",
    "tot/cdtp/heap/profiler",
    "tot/cdtp/indexed/db",
    "tot/cdtp/input",
    "tot/cdtp/io",
    "tot/cdtp/layer/tree",
    "tot/cdtp/log",
    "tot/cdtp/memory",
    "tot/cdtp/network",
    "tot/cdtp/overlay",
    "tot/cdtp/page",
    "tot/cdtp/performance",
    "tot/cdtp/profiler",
    "tot/cdtp/runtime",
    "tot/cdtp/schema",
    "tot/cdtp/security",
    "tot/cdtp/service/worker",
    "tot/cdtp/storage",
    "tot/cdtp/system/info",
    "tot/cdtp/target",
    "tot/cdtp/tethering",
    "tot/cdtp/tracing",
    "tot/socket"
  ]
  revision = "c07d32428f29e926d3d33ea0e887017d03636654"

[[projects]]
  name = "github.com/pkg/errors"
  packages = ["."]
  revision = "645ef00459ed84a119197bfb8d8205042c6df63d"
  version = "v0.8.0"

[[projects]]
  name = "github.com/sirupsen/logrus"
  packages = ["."]
  revision = "c155da19408a8799da419ed3eeb0cb5db0ad5dbc"
  version = "v1.0.5"

[[projects]]
  branch = "master"
  name = "golang.org/x/crypto"
  packages = ["ssh/terminal"]
  revision = "1a580b3eff7814fc9b40602fd35256c63b50f491"

[[projects]]
  branch = "master"
  name = "golang.org/x/sys"
  packages = [
    "unix",
    "windows"
  ]
  revision = "7c87d13f8e835d2fb3a70a2912c811ed0c1d241b"

[solve-meta]
  analyzer-name = "dep"
  analyzer-version = 1
  inputs-digest = "dce3fa8eb876ce33f456298f8099fa1fad5a9be263a9ebfe584dab479a5f5cbe"
  solver-name = "gps-cdcl"
  solver-version = 1
